{
  "name": "IDEIA",
  "version": "1.0.0-alpha.0",
  "lockfileVersion": 3,
  "requires": true,
  "packages": {
    "apps/ideia-app/node_modules/@ideia/ai-devkit-v2/packages/agent-runtime": {
      "extraneous": true
    },
    "apps/ideia-app/node_modules/@ideia/ai-devkit-v2/packages/core": {
      "extraneous": true
    },
    "apps/ideia-app/node_modules/@ideia/ai-devkit-v2/packages/delivery-orchestrator": {
      "extraneous": true
    },
    "apps/ideia-app/node_modules/@ideia/ai-devkit-v2/packages/event-bus": {
      "extraneous": true
    },
    "apps/ideia-app/node_modules/@ideia/ai-devkit-v2/packages/llm-provider": {
      "extraneous": true
    },
    "apps/ideia-app/node_modules/@ideia/ai-devkit-v2/packages/memory-store": {
      "extraneous": true
    },
    "apps/ideia-app/node_modules/@ideia/ai-devkit-v2/packages/policy-engine": {
      "extraneous": true
    },
    "apps/ideia-app/node_modules/@ideia/ai-devkit-v2/packages/verification-layer": {
      "extraneous": true
    }
  }
}
